
Microsoft Visual Studio Solution File, Format Version 12.00
# Visual Studio Version 17
VisualStudioVersion = 17.7.34202.233
MinimumVisualStudioVersion = 10.0.40219.1
Project("{9A19103F-16F7-4668-BE54-9A1E7A4F7556}") = "weatherapi", "weatherapi\weatherapi.csproj", "{DD94D400-C85B-487D-AF33-2CBDEA9CAC73}"
EndProject
Project("{9A19103F-16F7-4668-BE54-9A1E7A4F7556}") = "weatherweb", "weatherweb\weatherweb.csproj", "{D9A77202-A900-496B-A8F7-4AD69856D4F4}"
EndProject
Global
	GlobalSection(SolutionConfigurationPlatforms) = preSolution
		Debug|Any CPU = Debug|Any CPU
		Release|Any CPU = Release|Any CPU
	EndGlobalSection
	GlobalSection(ProjectConfigurationPlatforms) = postSolution
		{DD94D400-C85B-487D-AF33-2CBDEA9CAC73}.Debug|Any CPU.ActiveCfg = Debug|Any CPU
		{DD94D400-C85B-487D-AF33-2CBDEA9CAC73}.Debug|Any CPU.Build.0 = Debug|Any CPU
		{DD94D400-C85B-487D-AF33-2CBDEA9CAC73}.Release|Any CPU.ActiveCfg = Release|Any CPU
		{DD94D400-C85B-487D-AF33-2CBDEA9CAC73}.Release|Any CPU.Build.0 = Release|Any CPU
		{D9A77202-A900-496B-A8F7-4AD69856D4F4}.Debug|Any CPU.ActiveCfg = Debug|Any CPU
		{D9A77202-A900-496B-A8F7-4AD69856D4F4}.Debug|Any CPU.Build.0 = Debug|Any CPU
		{D9A77202-A900-496B-A8F7-4AD69856D4F4}.Release|Any CPU.ActiveCfg = Release|Any CPU
		{D9A77202-A900-496B-A8F7-4AD69856D4F4}.Release|Any CPU.Build.0 = Release|Any CPU
	EndGlobalSection
	GlobalSection(SolutionProperties) = preSolution
		HideSolutionNode = FALSE
	EndGlobalSection
	GlobalSection(ExtensibilityGlobals) = postSolution
		SolutionGuid = {3A59C11F-E7D7-4D5B-9C10-D600222C9CB8}
	EndGlobalSection
EndGlobal
